// !$*UTF8*$!
{
	archiveVersion = 1;
	classes = {
	};
	objectVersion = 46;
	objects = {

/* Begin PBXBuildFile section */
		2842CB761A2FF2DF004CA265 /* TaskTrackingViewController.m in Sources */ = {isa = PBXBuildFile; fileRef = 2842CB751A2FF2DF004CA265 /* TaskTrackingViewController.m */; };
		9C419CCF1A2452A600369BE7 /* DeadlineViewController.m in Sources */ = {isa = PBXBuildFile; fileRef = 9C419CCE1A2452A600369BE7 /* DeadlineViewController.m */; };
		9C488F141A2EC68500215818 /* TaskRecord.m in Sources */ = {isa = PBXBuildFile; fileRef = 9C488F131A2EC68500215818 /* TaskRecord.m */; };
		9C488F171A2EC69400215818 /* TaskDeadline.m in Sources */ = {isa = PBXBuildFile; fileRef = 9C488F161A2EC69400215818 /* TaskDeadline.m */; };
		9C488F1B1A2ECB0000215818 /* TaskDeadlineTable.m in Sources */ = {isa = PBXBuildFile; fileRef = 9C488F1A1A2ECB0000215818 /* TaskDeadlineTable.m */; };
		9C488F1E1A2ED82900215818 /* TaskDeadlineEditViewController.m in Sources */ = {isa = PBXBuildFile; fileRef = 9C488F1D1A2ED82900215818 /* TaskDeadlineEditViewController.m */; };
		9C488F221A2EE15300215818 /* TaskListTableViewController.m in Sources */ = {isa = PBXBuildFile; fileRef = 9C488F211A2EE15300215818 /* TaskListTableViewController.m */; };
		9C488F281A2F185E00215818 /* TaskRecordTable.m in Sources */ = {isa = PBXBuildFile; fileRef = 9C488F271A2F185E00215818 /* TaskRecordTable.m */; };
		9C6AE72E1A15C00900C4790E /* main.m in Sources */ = {isa = PBXBuildFile; fileRef = 9C6AE72D1A15C00900C4790E /* main.m */; };
		9C6AE7311A15C00900C4790E /* AppDelegate.m in Sources */ = {isa = PBXBuildFile; fileRef = 9C6AE7301A15C00900C4790E /* AppDelegate.m */; };
		9C6AE7341A15C00900C4790E /* CalendarViewController.m in Sources */ = {isa = PBXBuildFile; fileRef = 9C6AE7331A15C00900C4790E /* CalendarViewController.m */; };
		9C6AE7371A15C00900C4790E /* RecordViewController.m in Sources */ = {isa = PBXBuildFile; fileRef = 9C6AE7361A15C00900C4790E /* RecordViewController.m */; };
		9C6AE73A1A15C00900C4790E /* Main.storyboard in Resources */ = {isa = PBXBuildFile; fileRef = 9C6AE7381A15C00900C4790E /* Main.storyboard */; };
		9C6AE73C1A15C00900C4790E /* Images.xcassets in Resources */ = {isa = PBXBuildFile; fileRef = 9C6AE73B1A15C00900C4790E /* Images.xcassets */; };
		9C6AE73F1A15C00900C4790E /* LaunchScreen.xib in Resources */ = {isa = PBXBuildFile; fileRef = 9C6AE73D1A15C00900C4790E /* LaunchScreen.xib */; };
		9C6AE74B1A15C00A00C4790E /* ToPlanTests.m in Sources */ = {isa = PBXBuildFile; fileRef = 9C6AE74A1A15C00A00C4790E /* ToPlanTests.m */; };
		9C6AE75B1A15C21B00C4790E /* CKCalendarView.m in Sources */ = {isa = PBXBuildFile; fileRef = 9C6AE7551A15C21B00C4790E /* CKCalendarView.m */; };
		9C6AE75C1A15C21B00C4790E /* left_arrow.png in Resources */ = {isa = PBXBuildFile; fileRef = 9C6AE7571A15C21B00C4790E /* left_arrow.png */; };
		9C6AE75D1A15C21B00C4790E /* left_arrow@2x.png in Resources */ = {isa = PBXBuildFile; fileRef = 9C6AE7581A15C21B00C4790E /* left_arrow@2x.png */; };
		9C6AE75E1A15C21B00C4790E /* right_arrow.png in Resources */ = {isa = PBXBuildFile; fileRef = 9C6AE7591A15C21B00C4790E /* right_arrow.png */; };
		9C6AE75F1A15C21B00C4790E /* right_arrow@2x.png in Resources */ = {isa = PBXBuildFile; fileRef = 9C6AE75A1A15C21B00C4790E /* right_arrow@2x.png */; };
		9C6AE7611A15C24900C4790E /* QuartzCore.framework in Frameworks */ = {isa = PBXBuildFile; fileRef = 9C6AE7601A15C24900C4790E /* QuartzCore.framework */; };
		9C6AE7631A15C25000C4790E /* CoreGraphics.framework in Frameworks */ = {isa = PBXBuildFile; fileRef = 9C6AE7621A15C25000C4790E /* CoreGraphics.framework */; };
		9D8C2DF31A2FF71700A030F2 /* AllTaksListTableViewController.m in Sources */ = {isa = PBXBuildFile; fileRef = 9D8C2DF21A2FF71700A030F2 /* AllTaksListTableViewController.m */; };
		9DBEF09B1A2D6A760002236A /* DBManager.m in Sources */ = {isa = PBXBuildFile; fileRef = 9DBEF09A1A2D6A760002236A /* DBManager.m */; };
		9DBEF09D1A2D71A40002236A /* libsqlite3.dylib in Frameworks */ = {isa = PBXBuildFile; fileRef = 9DBEF09C1A2D71A40002236A /* libsqlite3.dylib */; };
/* End PBXBuildFile section */

/* Begin PBXContainerItemProxy section */
		9C6AE7451A15C00A00C4790E /* PBXContainerItemProxy */ = {
			isa = PBXContainerItemProxy;
			containerPortal = 9C6AE7201A15C00900C4790E /* Project object */;
			proxyType = 1;
			remoteGlobalIDString = 9C6AE7271A15C00900C4790E;
			remoteInfo = ToPlan;
		};
/* End PBXContainerItemProxy section */

/* Begin PBXFileReference section */
		2842CB741A2FF2DF004CA265 /* TaskTrackingViewController.h */ = {isa = PBXFileReference; fileEncoding = 4; lastKnownFileType = sourcecode.c.h; path = TaskTrackingViewController.h; sourceTree = "<group>"; };
		2842CB751A2FF2DF004CA265 /* TaskTrackingViewController.m */ = {isa = PBXFileReference; fileEncoding = 4; lastKnownFileType = sourcecode.c.objc; path = TaskTrackingViewController.m; sourceTree = "<group>"; };
		9C419CCD1A2452A600369BE7 /* DeadlineViewController.h */ = {isa = PBXFileReference; fileEncoding = 4; lastKnownFileType = sourcecode.c.h; path = DeadlineViewController.h; sourceTree = "<group>"; };
		9C419CCE1A2452A600369BE7 /* DeadlineViewController.m */ = {isa = PBXFileReference; fileEncoding = 4; lastKnownFileType = sourcecode.c.objc; path = DeadlineViewController.m; sourceTree = "<group>"; };
		9C488F121A2EC68500215818 /* TaskRecord.h */ = {isa = PBXFileReference; fileEncoding = 4; lastKnownFileType = sourcecode.c.h; path = TaskRecord.h; sourceTree = "<group>"; };
		9C488F131A2EC68500215818 /* TaskRecord.m */ = {isa = PBXFileReference; fileEncoding = 4; lastKnownFileType = sourcecode.c.objc; path = TaskRecord.m; sourceTree = "<group>"; };
		9C488F151A2EC69400215818 /* TaskDeadline.h */ = {isa = PBXFileReference; fileEncoding = 4; lastKnownFileType = sourcecode.c.h; path = TaskDeadline.h; sourceTree = "<group>"; };
		9C488F161A2EC69400215818 /* TaskDeadline.m */ = {isa = PBXFileReference; fileEncoding = 4; lastKnownFileType = sourcecode.c.objc; path = TaskDeadline.m; sourceTree = "<group>"; };
		9C488F191A2ECB0000215818 /* TaskDeadlineTable.h */ = {isa = PBXFileReference; fileEncoding = 4; lastKnownFileType = sourcecode.c.h; path = TaskDeadlineTable.h; sourceTree = "<group>"; };
		9C488F1A1A2ECB0000215818 /* TaskDeadlineTable.m */ = {isa = PBXFileReference; fileEncoding = 4; lastKnownFileType = sourcecode.c.objc; path = TaskDeadlineTable.m; sourceTree = "<group>"; };
		9C488F1C1A2ED82900215818 /* TaskDeadlineEditViewController.h */ = {isa = PBXFileReference; fileEncoding = 4; lastKnownFileType = sourcecode.c.h; path = TaskDeadlineEditViewController.h; sourceTree = "<group>"; };
		9C488F1D1A2ED82900215818 /* TaskDeadlineEditViewController.m */ = {isa = PBXFileReference; fileEncoding = 4; lastKnownFileType = sourcecode.c.objc; path = TaskDeadlineEditViewController.m; sourceTree = "<group>"; };
		9C488F1F1A2EDD8F00215818 /* loggingMacros.h */ = {isa = PBXFileReference; fileEncoding = 4; lastKnownFileType = sourcecode.c.h; path = loggingMacros.h; sourceTree = "<group>"; };
		9C488F201A2EE15300215818 /* TaskListTableViewController.h */ = {isa = PBXFileReference; fileEncoding = 4; lastKnownFileType = sourcecode.c.h; path = TaskListTableViewController.h; sourceTree = "<group>"; };
		9C488F211A2EE15300215818 /* TaskListTableViewController.m */ = {isa = PBXFileReference; fileEncoding = 4; lastKnownFileType = sourcecode.c.objc; path = TaskListTableViewController.m; sourceTree = "<group>"; };
		9C488F261A2F185E00215818 /* TaskRecordTable.h */ = {isa = PBXFileReference; fileEncoding = 4; lastKnownFileType = sourcecode.c.h; path = TaskRecordTable.h; sourceTree = "<group>"; };
		9C488F271A2F185E00215818 /* TaskRecordTable.m */ = {isa = PBXFileReference; fileEncoding = 4; lastKnownFileType = sourcecode.c.objc; path = TaskRecordTable.m; sourceTree = "<group>"; };
		9C6AE7281A15C00900C4790E /* ToPlan.app */ = {isa = PBXFileReference; explicitFileType = wrapper.application; includeInIndex = 0; path = ToPlan.app; sourceTree = BUILT_PRODUCTS_DIR; };
		9C6AE72C1A15C00900C4790E /* Info.plist */ = {isa = PBXFileReference; lastKnownFileType = text.plist.xml; path = Info.plist; sourceTree = "<group>"; };
		9C6AE72D1A15C00900C4790E /* main.m */ = {isa = PBXFileReference; lastKnownFileType = sourcecode.c.objc; path = main.m; sourceTree = "<group>"; };
		9C6AE72F1A15C00900C4790E /* AppDelegate.h */ = {isa = PBXFileReference; lastKnownFileType = sourcecode.c.h; path = AppDelegate.h; sourceTree = "<group>"; };
		9C6AE7301A15C00900C4790E /* AppDelegate.m */ = {isa = PBXFileReference; lastKnownFileType = sourcecode.c.objc; path = AppDelegate.m; sourceTree = "<group>"; };
		9C6AE7321A15C00900C4790E /* CalendarViewController.h */ = {isa = PBXFileReference; lastKnownFileType = sourcecode.c.h; path = CalendarViewController.h; sourceTree = "<group>"; };
		9C6AE7331A15C00900C4790E /* CalendarViewController.m */ = {isa = PBXFileReference; lastKnownFileType = sourcecode.c.objc; path = CalendarViewController.m; sourceTree = "<group>"; };
		9C6AE7351A15C00900C4790E /* RecordViewController.h */ = {isa = PBXFileReference; lastKnownFileType = sourcecode.c.h; path = RecordViewController.h; sourceTree = "<group>"; };
		9C6AE7361A15C00900C4790E /* RecordViewController.m */ = {isa = PBXFileReference; lastKnownFileType = sourcecode.c.objc; path = RecordViewController.m; sourceTree = "<group>"; };
		9C6AE7391A15C00900C4790E /* Base */ = {isa = PBXFileReference; lastKnownFileType = file.storyboard; name = Base; path = Base.lproj/Main.storyboard; sourceTree = "<group>"; };
		9C6AE73B1A15C00900C4790E /* Images.xcassets */ = {isa = PBXFileReference; lastKnownFileType = folder.assetcatalog; path = Images.xcassets; sourceTree = "<group>"; };
		9C6AE73E1A15C00900C4790E /* Base */ = {isa = PBXFileReference; lastKnownFileType = file.xib; name = Base; path = Base.lproj/LaunchScreen.xib; sourceTree = "<group>"; };
		9C6AE7441A15C00A00C4790E /* ToPlanTests.xctest */ = {isa = PBXFileReference; explicitFileType = wrapper.cfbundle; includeInIndex = 0; path = ToPlanTests.xctest; sourceTree = BUILT_PRODUCTS_DIR; };
		9C6AE7491A15C00A00C4790E /* Info.plist */ = {isa = PBXFileReference; lastKnownFileType = text.plist.xml; path = Info.plist; sourceTree = "<group>"; };
		9C6AE74A1A15C00A00C4790E /* ToPlanTests.m */ = {isa = PBXFileReference; lastKnownFileType = sourcecode.c.objc; path = ToPlanTests.m; sourceTree = "<group>"; };
		9C6AE7541A15C21B00C4790E /* CKCalendarView.h */ = {isa = PBXFileReference; fileEncoding = 4; lastKnownFileType = sourcecode.c.h; path = CKCalendarView.h; sourceTree = "<group>"; };
		9C6AE7551A15C21B00C4790E /* CKCalendarView.m */ = {isa = PBXFileReference; fileEncoding = 4; lastKnownFileType = sourcecode.c.objc; path = CKCalendarView.m; sourceTree = "<group>"; };
		9C6AE7571A15C21B00C4790E /* left_arrow.png */ = {isa = PBXFileReference; lastKnownFileType = image.png; path = left_arrow.png; sourceTree = "<group>"; };
		9C6AE7581A15C21B00C4790E /* left_arrow@2x.png */ = {isa = PBXFileReference; lastKnownFileType = image.png; path = "left_arrow@2x.png"; sourceTree = "<group>"; };
		9C6AE7591A15C21B00C4790E /* right_arrow.png */ = {isa = PBXFileReference; lastKnownFileType = image.png; path = right_arrow.png; sourceTree = "<group>"; };
		9C6AE75A1A15C21B00C4790E /* right_arrow@2x.png */ = {isa = PBXFileReference; lastKnownFileType = image.png; path = "right_arrow@2x.png"; sourceTree = "<group>"; };
		9C6AE7601A15C24900C4790E /* QuartzCore.framework */ = {isa = PBXFileReference; lastKnownFileType = wrapper.framework; name = QuartzCore.framework; path = System/Library/Frameworks/QuartzCore.framework; sourceTree = SDKROOT; };
		9C6AE7621A15C25000C4790E /* CoreGraphics.framework */ = {isa = PBXFileReference; lastKnownFileType = wrapper.framework; name = CoreGraphics.framework; path = System/Library/Frameworks/CoreGraphics.framework; sourceTree = SDKROOT; };
		9D8C2DF11A2FF71700A030F2 /* AllTaksListTableViewController.h */ = {isa = PBXFileReference; fileEncoding = 4; lastKnownFileType = sourcecode.c.h; path = AllTaksListTableViewController.h; sourceTree = "<group>"; };
		9D8C2DF21A2FF71700A030F2 /* AllTaksListTableViewController.m */ = {isa = PBXFileReference; fileEncoding = 4; lastKnownFileType = sourcecode.c.objc; path = AllTaksListTableViewController.m; sourceTree = "<group>"; };
		9DBEF0991A2D6A760002236A /* DBManager.h */ = {isa = PBXFileReference; fileEncoding = 4; lastKnownFileType = sourcecode.c.h; path = DBManager.h; sourceTree = "<group>"; };
		9DBEF09A1A2D6A760002236A /* DBManager.m */ = {isa = PBXFileReference; fileEncoding = 4; lastKnownFileType = sourcecode.c.objc; path = DBManager.m; sourceTree = "<group>"; };
		9DBEF09C1A2D71A40002236A /* libsqlite3.dylib */ = {isa = PBXFileReference; lastKnownFileType = "compiled.mach-o.dylib"; name = libsqlite3.dylib; path = usr/lib/libsqlite3.dylib; sourceTree = SDKROOT; };
/* End PBXFileReference section */

/* Begin PBXFrameworksBuildPhase section */
		9C6AE7251A15C00900C4790E /* Frameworks */ = {
			isa = PBXFrameworksBuildPhase;
			buildActionMask = 2147483647;
			files = (
				9DBEF09D1A2D71A40002236A /* libsqlite3.dylib in Frameworks */,
				9C6AE7631A15C25000C4790E /* CoreGraphics.framework in Frameworks */,
				9C6AE7611A15C24900C4790E /* QuartzCore.framework in Frameworks */,
			);
			runOnlyForDeploymentPostprocessing = 0;
		};
		9C6AE7411A15C00A00C4790E /* Frameworks */ = {
			isa = PBXFrameworksBuildPhase;
			buildActionMask = 2147483647;
			files = (
			);
			runOnlyForDeploymentPostprocessing = 0;
		};
/* End PBXFrameworksBuildPhase section */

/* Begin PBXGroup section */
		9C488F181A2EC69D00215818 /* Data Models */ = {
			isa = PBXGroup;
			children = (
				9C488F121A2EC68500215818 /* TaskRecord.h */,
				9C488F131A2EC68500215818 /* TaskRecord.m */,
				9C488F261A2F185E00215818 /* TaskRecordTable.h */,
				9C488F271A2F185E00215818 /* TaskRecordTable.m */,
				9C488F151A2EC69400215818 /* TaskDeadline.h */,
				9C488F161A2EC69400215818 /* TaskDeadline.m */,
				9C488F191A2ECB0000215818 /* TaskDeadlineTable.h */,
				9C488F1A1A2ECB0000215818 /* TaskDeadlineTable.m */,
			);
			name = "Data Models";
			sourceTree = "<group>";
		};
		9C6AE71F1A15C00900C4790E = {
			isa = PBXGroup;
			children = (
				9DBEF09C1A2D71A40002236A /* libsqlite3.dylib */,
				9C6AE7621A15C25000C4790E /* CoreGraphics.framework */,
				9C6AE7601A15C24900C4790E /* QuartzCore.framework */,
				9C6AE72A1A15C00900C4790E /* ToPlan */,
				9C6AE7471A15C00A00C4790E /* ToPlanTests */,
				9C6AE7291A15C00900C4790E /* Products */,
			);
			sourceTree = "<group>";
		};
		9C6AE7291A15C00900C4790E /* Products */ = {
			isa = PBXGroup;
			children = (
				9C6AE7281A15C00900C4790E /* ToPlan.app */,
				9C6AE7441A15C00A00C4790E /* ToPlanTests.xctest */,
			);
			name = Products;
			sourceTree = "<group>";
		};
		9C6AE72A1A15C00900C4790E /* ToPlan */ = {
			isa = PBXGroup;
			children = (
				9C488F1F1A2EDD8F00215818 /* loggingMacros.h */,
				9C6AE72F1A15C00900C4790E /* AppDelegate.h */,
				9C6AE7301A15C00900C4790E /* AppDelegate.m */,
				9DBEF0991A2D6A760002236A /* DBManager.h */,
				9DBEF09A1A2D6A760002236A /* DBManager.m */,
				9C6AE7541A15C21B00C4790E /* CKCalendarView.h */,
				9C6AE7551A15C21B00C4790E /* CKCalendarView.m */,
				9C6AE7561A15C21B00C4790E /* resources */,
				9C6AE7321A15C00900C4790E /* CalendarViewController.h */,
				9C6AE7331A15C00900C4790E /* CalendarViewController.m */,
				9D8C2DF11A2FF71700A030F2 /* AllTaksListTableViewController.h */,
				9D8C2DF21A2FF71700A030F2 /* AllTaksListTableViewController.m */,
				9C6AE7351A15C00900C4790E /* RecordViewController.h */,
				9C6AE7361A15C00900C4790E /* RecordViewController.m */,
				9C419CCD1A2452A600369BE7 /* DeadlineViewController.h */,
				9C419CCE1A2452A600369BE7 /* DeadlineViewController.m */,
				9C488F1C1A2ED82900215818 /* TaskDeadlineEditViewController.h */,
				9C488F1D1A2ED82900215818 /* TaskDeadlineEditViewController.m */,
				9C488F201A2EE15300215818 /* TaskListTableViewController.h */,
				9C488F211A2EE15300215818 /* TaskListTableViewController.m */,
				2842CB741A2FF2DF004CA265 /* TaskTrackingViewController.h */,
				2842CB751A2FF2DF004CA265 /* TaskTrackingViewController.m */,
				9C6AE7381A15C00900C4790E /* Main.storyboard */,
				9C6AE73B1A15C00900C4790E /* Images.xcassets */,
				9C6AE73D1A15C00900C4790E /* LaunchScreen.xib */,
				9C6AE72B1A15C00900C4790E /* Supporting Files */,
				9C488F181A2EC69D00215818 /* Data Models */,
			);
			path = ToPlan;
			sourceTree = "<group>";
		};
		9C6AE72B1A15C00900C4790E /* Supporting Files */ = {
			isa = PBXGroup;
			children = (
				9C6AE72C1A15C00900C4790E /* Info.plist */,
				9C6AE72D1A15C00900C4790E /* main.m */,
			);
			name = "Supporting Files";
			sourceTree = "<group>";
		};
		9C6AE7471A15C00A00C4790E /* ToPlanTests */ = {
			isa = PBXGroup;
			children = (
				9C6AE74A1A15C00A00C4790E /* ToPlanTests.m */,
				9C6AE7481A15C00A00C4790E /* Supporting Files */,
			);
			path = ToPlanTests;
			sourceTree = "<group>";
		};
		9C6AE7481A15C00A00C4790E /* Supporting Files */ = {
			isa = PBXGroup;
			children = (
				9C6AE7491A15C00A00C4790E /* Info.plist */,
			);
			name = "Supporting Files";
			sourceTree = "<group>";
		};
		9C6AE7561A15C21B00C4790E /* resources */ = {
			isa = PBXGroup;
			children = (
				9C6AE7571A15C21B00C4790E /* left_arrow.png */,
				9C6AE7581A15C21B00C4790E /* left_arrow@2x.png */,
				9C6AE7591A15C21B00C4790E /* right_arrow.png */,
				9C6AE75A1A15C21B00C4790E /* right_arrow@2x.png */,
			);
			path = resources;
			sourceTree = "<group>";
		};
/* End PBXGroup section */

/* Begin PBXNativeTarget section */
		9C6AE7271A15C00900C4790E /* ToPlan */ = {
			isa = PBXNativeTarget;
			buildConfigurationList = 9C6AE74E1A15C00A00C4790E /* Build configuration list for PBXNativeTarget "ToPlan" */;
			buildPhases = (
				9C6AE7241A15C00900C4790E /* Sources */,
				9C6AE7251A15C00900C4790E /* Frameworks */,
				9C6AE7261A15C00900C4790E /* Resources */,
			);
			buildRules = (
			);
			dependencies = (
			);
			name = ToPlan;
			productName = ToPlan;
			productReference = 9C6AE7281A15C00900C4790E /* ToPlan.app */;
			productType = "com.apple.product-type.application";
		};
		9C6AE7431A15C00A00C4790E /* ToPlanTests */ = {
			isa = PBXNativeTarget;
			buildConfigurationList = 9C6AE7511A15C00A00C4790E /* Build configuration list for PBXNativeTarget "ToPlanTests" */;
			buildPhases = (
				9C6AE7401A15C00A00C4790E /* Sources */,
				9C6AE7411A15C00A00C4790E /* Frameworks */,
				9C6AE7421A15C00A00C4790E /* Resources */,
			);
			buildRules = (
			);
			dependencies = (
				9C6AE7461A15C00A00C4790E /* PBXTargetDependency */,
			);
			name = ToPlanTests;
			productName = ToPlanTests;
			productReference = 9C6AE7441A15C00A00C4790E /* ToPlanTests.xctest */;
			productType = "com.apple.product-type.bundle.unit-test";
		};
/* End PBXNativeTarget section */

/* Begin PBXProject section */
		9C6AE7201A15C00900C4790E /* Project object */ = {
			isa = PBXProject;
			attributes = {
				LastUpgradeCheck = 0610;
				ORGANIZATIONNAME = "Other Candidates";
				TargetAttributes = {
					9C6AE7271A15C00900C4790E = {
						CreatedOnToolsVersion = 6.1;
					};
					9C6AE7431A15C00A00C4790E = {
						CreatedOnToolsVersion = 6.1;
						TestTargetID = 9C6AE7271A15C00900C4790E;
					};
				};
			};
			buildConfigurationList = 9C6AE7231A15C00900C4790E /* Build configuration list for PBXProject "ToPlan" */;
			compatibilityVersion = "Xcode 3.2";
			developmentRegion = English;
			hasScannedForEncodings = 0;
			knownRegions = (
				en,
				Base,
			);
			mainGroup = 9C6AE71F1A15C00900C4790E;
			productRefGroup = 9C6AE7291A15C00900C4790E /* Products */;
			projectDirPath = "";
			projectRoot = "";
			targets = (
				9C6AE7271A15C00900C4790E /* ToPlan */,
				9C6AE7431A15C00A00C4790E /* ToPlanTests */,
			);
		};
/* End PBXProject section */

/* Begin PBXResourcesBuildPhase section */
		9C6AE7261A15C00900C4790E /* Resources */ = {
			isa = PBXResourcesBuildPhase;
			buildActionMask = 2147483647;
			files = (
				9C6AE75D1A15C21B00C4790E /* left_arrow@2x.png in Resources */,
				9C6AE73A1A15C00900C4790E /* Main.storyboard in Resources */,
				9C6AE75F1A15C21B00C4790E /* right_arrow@2x.png in Resources */,
				9C6AE75E1A15C21B00C4790E /* right_arrow.png in Resources */,
				9C6AE73F1A15C00900C4790E /* LaunchScreen.xib in Resources */,
				9C6AE75C1A15C21B00C4790E /* left_arrow.png in Resources */,
				9C6AE73C1A15C00900C4790E /* Images.xcassets in Resources */,
			);
			runOnlyForDeploymentPostprocessing = 0;
		};
		9C6AE7421A15C00A00C4790E /* Resources */ = {
			isa = PBXResourcesBuildPhase;
			buildActionMask = 2147483647;
			files = (
			);
			runOnlyForDeploymentPostprocessing = 0;
		};
/* End PBXResourcesBuildPhase section */

/* Begin PBXSourcesBuildPhase section */
		9C6AE7241A15C00900C4790E /* Sources */ = {
			isa = PBXSourcesBuildPhase;
			buildActionMask = 2147483647;
			files = (
				9DBEF09B1A2D6A760002236A /* DBManager.m in Sources */,
				9C488F281A2F185E00215818 /* TaskRecordTable.m in Sources */,
				9C488F141A2EC68500215818 /* TaskRecord.m in Sources */,
				9C488F221A2EE15300215818 /* TaskListTableViewController.m in Sources */,
				9C6AE75B1A15C21B00C4790E /* CKCalendarView.m in Sources */,
				9C6AE7371A15C00900C4790E /* RecordViewController.m in Sources */,
				9C488F171A2EC69400215818 /* TaskDeadline.m in Sources */,
				9C6AE7311A15C00900C4790E /* AppDelegate.m in Sources */,
				9C6AE7341A15C00900C4790E /* CalendarViewController.m in Sources */,
				9C419CCF1A2452A600369BE7 /* DeadlineViewController.m in Sources */,
				9C6AE72E1A15C00900C4790E /* main.m in Sources */,
				9D8C2DF31A2FF71700A030F2 /* AllTaksListTableViewController.m in Sources */,
				9C488F1E1A2ED82900215818 /* TaskDeadlineEditViewController.m in Sources */,
				2842CB761A2FF2DF004CA265 /* TaskTrackingViewController.m in Sources */,
				9C488F1B1A2ECB0000215818 /* TaskDeadlineTable.m in Sources */,
			);
			runOnlyForDeploymentPostprocessing = 0;
		};
		9C6AE7401A15C00A00C4790E /* Sources */ = {
			isa = PBXSourcesBuildPhase;
			buildActionMask = 2147483647;
			files = (
				9C6AE74B1A15C00A00C4790E /* ToPlanTests.m in Sources */,
			);
			runOnlyForDeploymentPostprocessing = 0;
		};
/* End PBXSourcesBuildPhase section */

/* Begin PBXTargetDependency section */
		9C6AE7461A15C00A00C4790E /* PBXTargetDependency */ = {
			isa = PBXTargetDependency;
			target = 9C6AE7271A15C00900C4790E /* ToPlan */;
			targetProxy = 9C6AE7451A15C00A00C4790E /* PBXContainerItemProxy */;
		};
/* End PBXTargetDependency section */

/* Begin PBXVariantGroup section */
		9C6AE7381A15C00900C4790E /* Main.storyboard */ = {
			isa = PBXVariantGroup;
			children = (
				9C6AE7391A15C00900C4790E /* Base */,
			);
			name = Main.storyboard;
			sourceTree = "<group>";
		};
		9C6AE73D1A15C00900C4790E /* LaunchScreen.xib */ = {
			isa = PBXVariantGroup;
			children = (
				9C6AE73E1A15C00900C4790E /* Base */,
			);
			name = LaunchScreen.xib;
			sourceTree = "<group>";
		};
/* End PBXVariantGroup section */

/* Begin XCBuildConfiguration section */
		9C6AE74C1A15C00A00C4790E /* Debug */ = {
			isa = XCBuildConfiguration;
			buildSettings = {
				ALWAYS_SEARCH_USER_PATHS = NO;
				CLANG_CXX_LANGUAGE_STANDARD = "gnu++0x";
				CLANG_CXX_LIBRARY = "libc++";
				CLANG_ENABLE_MODULES = YES;
				CLANG_ENABLE_OBJC_ARC = YES;
				CLANG_WARN_BOOL_CONVERSION = YES;
				CLANG_WARN_CONSTANT_CONVERSION = YES;
				CLANG_WARN_DIRECT_OBJC_ISA_USAGE = YES_ERROR;
				CLANG_WARN_EMPTY_BODY = YES;
				CLANG_WARN_ENUM_CONVERSION = YES;
				CLANG_WARN_INT_CONVERSION = YES;
				CLANG_WARN_OBJC_ROOT_CLASS = YES_ERROR;
				CLANG_WARN_UNREACHABLE_CODE = YES;
				CLANG_WARN__DUPLICATE_METHOD_MATCH = YES;
				"CODE_SIGN_IDENTITY[sdk=iphoneos*]" = "iPhone Developer";
				COPY_PHASE_STRIP = NO;
				ENABLE_STRICT_OBJC_MSGSEND = YES;
				GCC_C_LANGUAGE_STANDARD = gnu99;
				GCC_DYNAMIC_NO_PIC = NO;
				GCC_OPTIMIZATION_LEVEL = 0;
				GCC_PREPROCESSOR_DEFINITIONS = (
					"DEBUG=1",
					"$(inherited)",
				);
				GCC_SYMBOLS_PRIVATE_EXTERN = NO;
				GCC_WARN_64_TO_32_BIT_CONVERSION = YES;
				GCC_WARN_ABOUT_RETURN_TYPE = YES_ERROR;
				GCC_WARN_UNDECLARED_SELECTOR = YES;
				GCC_WARN_UNINITIALIZED_AUTOS = YES_AGGRESSIVE;
				GCC_WARN_UNUSED_FUNCTION = YES;
				GCC_WARN_UNUSED_VARIABLE = YES;
				IPHONEOS_DEPLOYMENT_TARGET = 8.1;
				MTL_ENABLE_DEBUG_INFO = YES;
				ONLY_ACTIVE_ARCH = YES;
				SDKROOT = iphoneos;
			};
			name = Debug;
		};
		9C6AE74D1A15C00A00C4790E /* Release */ = {
			isa = XCBuildConfiguration;
			buildSettings = {
				ALWAYS_SEARCH_USER_PATHS = NO;
				CLANG_CXX_LANGUAGE_STANDARD = "gnu++0x";
				CLANG_CXX_LIBRARY = "libc++";
				CLANG_ENABLE_MODULES = YES;
				CLANG_ENABLE_OBJC_ARC = YES;
				CLANG_WARN_BOOL_CONVERSION = YES;
				CLANG_WARN_CONSTANT_CONVERSION = YES;
				CLANG_WARN_DIRECT_OBJC_ISA_USAGE = YES_ERROR;
				CLANG_WARN_EMPTY_BODY = YES;
				CLANG_WARN_ENUM_CONVERSION = YES;
				CLANG_WARN_INT_CONVERSION = YES;
				CLANG_WARN_OBJC_ROOT_CLASS = YES_ERROR;
				CLANG_WARN_UNREACHABLE_CODE = YES;
				CLANG_WARN__DUPLICATE_METHOD_MATCH = YES;
				"CODE_SIGN_IDENTITY[sdk=iphoneos*]" = "iPhone Developer";
				COPY_PHASE_STRIP = YES;
				ENABLE_NS_ASSERTIONS = NO;
				ENABLE_STRICT_OBJC_MSGSEND = YES;
				GCC_C_LANGUAGE_STANDARD = gnu99;
				GCC_WARN_64_TO_32_BIT_CONVERSION = YES;
				GCC_WARN_ABOUT_RETURN_TYPE = YES_ERROR;
				GCC_WARN_UNDECLARED_SELECTOR = YES;
				GCC_WARN_UNINITIALIZED_AUTOS = YES_AGGRESSIVE;
				GCC_WARN_UNUSED_FUNCTION = YES;
				GCC_WARN_UNUSED_VARIABLE = YES;
				IPHONEOS_DEPLOYMENT_TARGET = 8.1;
				MTL_ENABLE_DEBUG_INFO = NO;
				SDKROOT = iphoneos;
				VALIDATE_PRODUCT = YES;
			};
			name = Release;
		};
		9C6AE74F1A15C00A00C4790E /* Debug */ = {
			isa = XCBuildConfiguration;
			buildSettings = {
				ASSETCATALOG_COMPILER_APPICON_NAME = AppIcon;
				INFOPLIST_FILE = ToPlan/Info.plist;
				IPHONEOS_DEPLOYMENT_TARGET = 8.0;
				LD_RUNPATH_SEARCH_PATHS = "$(inherited) @executable_path/Frameworks";
				PRODUCT_NAME = "$(TARGET_NAME)";
			};
			name = Debug;
		};
		9C6AE7501A15C00A00C4790E /* Release */ = {
			isa = XCBuildConfiguration;
			buildSettings = {
				ASSETCATALOG_COMPILER_APPICON_NAME = AppIcon;
				INFOPLIST_FILE = ToPlan/Info.plist;
				IPHONEOS_DEPLOYMENT_TARGET = 8.0;
				LD_RUNPATH_SEARCH_PATHS = "$(inherited) @executable_path/Frameworks";
				PRODUCT_NAME = "$(TARGET_NAME)";
			};
			name = Release;
		};
		9C6AE7521A15C00A00C4790E /* Debug */ = {
			isa = XCBuildConfiguration;
			buildSettings = {
				BUNDLE_LOADER = "$(TEST_HOST)";
				FRAMEWORK_SEARCH_PATHS = (
					"$(SDKROOT)/Developer/Library/Frameworks",
					"$(inherited)",
				);
				GCC_PREPROCESSOR_DEFINITIONS = (
					"DEBUG=1",
					"$(inherited)",
				);
				INFOPLIST_FILE = ToPlanTests/Info.plist;
				LD_RUNPATH_SEARCH_PATHS = "$(inherited) @executable_path/Frameworks @loader_path/Frameworks";
				PRODUCT_NAME = "$(TARGET_NAME)";
				TEST_HOST = "$(BUILT_PRODUCTS_DIR)/ToPlan.app/ToPlan";
			};
			name = Debug;
		};
		9C6AE7531A15C00A00C4790E /* Release */ = {
			isa = XCBuildConfiguration;
			buildSettings = {
				BUNDLE_LOADER = "$(TEST_HOST)";
				FRAMEWORK_SEARCH_PATHS = (
					"$(SDKROOT)/Developer/Library/Frameworks",
					"$(inherited)",
				);
				INFOPLIST_FILE = ToPlanTests/Info.plist;
				LD_RUNPATH_SEARCH_PATHS = "$(inherited) @executable_path/Frameworks @loader_path/Frameworks";
				PRODUCT_NAME = "$(TARGET_NAME)";
				TEST_HOST = "$(BUILT_PRODUCTS_DIR)/ToPlan.app/ToPlan";
			};
			name = Release;
		};
/* End XCBuildConfiguration section */

/* Begin XCConfigurationList section */
		9C6AE7231A15C00900C4790E /* Build configuration list for PBXProject "ToPlan" */ = {
			isa = XCConfigurationList;
			buildConfigurations = (
				9C6AE74C1A15C00A00C4790E /* Debug */,
				9C6AE74D1A15C00A00C4790E /* Release */,
			);
			defaultConfigurationIsVisible = 0;
			defaultConfigurationName = Release;
		};
		9C6AE74E1A15C00A00C4790E /* Build configuration list for PBXNativeTarget "ToPlan" */ = {
			isa = XCConfigurationList;
			buildConfigurations = (
				9C6AE74F1A15C00A00C4790E /* Debug */,
				9C6AE7501A15C00A00C4790E /* Release */,
			);
			defaultConfigurationIsVisible = 0;
			defaultConfigurationName = Release;
		};
		9C6AE7511A15C00A00C4790E /* Build configuration list for PBXNativeTarget "ToPlanTests" */ = {
			isa = XCConfigurationList;
			buildConfigurations = (
				9C6AE7521A15C00A00C4790E /* Debug */,
				9C6AE7531A15C00A00C4790E /* Release */,
			);
			defaultConfigurationIsVisible = 0;
			defaultConfigurationName = Release;
		};
/* End XCConfigurationList section */
	};
	rootObject = 9C6AE7201A15C00900C4790E /* Project object */;
}
